
Microsoft Visual Studio Solution File, Format Version 12.00
# Visual Studio Version 16
VisualStudioVersion = 16.0.30907.101
MinimumVisualStudioVersion = 10.0.40219.1
Project("{FAE04EC0-301F-11D3-BF4B-00C04F79EFBC}") = "DangBang_1621050884", "DangBang_1621050884\DangBang_1621050884.csproj", "{BF1CAF7A-5C95-41CC-B933-E4D829BA861F}"
EndProject
Global
	GlobalSection(SolutionConfigurationPlatforms) = preSolution
		Debug|Any CPU = Debug|Any CPU
		Release|Any CPU = Release|Any CPU
	EndGlobalSection
	GlobalSection(ProjectConfigurationPlatforms) = postSolution
		{BF1CAF7A-5C95-41CC-B933-E4D829BA861F}.Debug|Any CPU.ActiveCfg = Debug|Any CPU
		{BF1CAF7A-5C95-41CC-B933-E4D829BA861F}.Debug|Any CPU.Build.0 = Debug|Any CPU
		{BF1CAF7A-5C95-41CC-B933-E4D829BA861F}.Release|Any CPU.ActiveCfg = Release|Any CPU
		{BF1CAF7A-5C95-41CC-B933-E4D829BA861F}.Release|Any CPU.Build.0 = Release|Any CPU
	EndGlobalSection
	GlobalSection(SolutionProperties) = preSolution
		HideSolutionNode = FALSE
	EndGlobalSection
	GlobalSection(ExtensibilityGlobals) = postSolution
		SolutionGuid = {F235C11E-4FF7-498C-91EB-8C729843B03F}
	EndGlobalSection
EndGlobal
